// !$*UTF8*$!
{
	archiveVersion = 1;
	classes = {
	};
	objectVersion = 46;
	objects = {

/* Begin PBXBuildFile section */
		31934DE5A369D3C84D506ACD /* libPods-OSS对象储存DemoTests.a in Frameworks */ = {isa = PBXBuildFile; fileRef = 89564C5145E98F7E3445D43A /* libPods-OSS对象储存DemoTests.a */; };
		39036A624D23AF3D9E486781 /* libPods-OSS对象储存Demo.a in Frameworks */ = {isa = PBXBuildFile; fileRef = 4AD57DB62C28399F2411F622 /* libPods-OSS对象储存Demo.a */; };
		448281521E5AC5550088F8A1 /* main.m in Sources */ = {isa = PBXBuildFile; fileRef = 448281511E5AC5550088F8A1 /* main.m */; };
		448281551E5AC5550088F8A1 /* AppDelegate.m in Sources */ = {isa = PBXBuildFile; fileRef = 448281541E5AC5550088F8A1 /* AppDelegate.m */; };
		448281581E5AC5550088F8A1 /* ViewController.m in Sources */ = {isa = PBXBuildFile; fileRef = 448281571E5AC5550088F8A1 /* ViewController.m */; };
		4482815B1E5AC5550088F8A1 /* Main.storyboard in Resources */ = {isa = PBXBuildFile; fileRef = 448281591E5AC5550088F8A1 /* Main.storyboard */; };
		4482815D1E5AC5550088F8A1 /* Assets.xcassets in Resources */ = {isa = PBXBuildFile; fileRef = 4482815C1E5AC5550088F8A1 /* Assets.xcassets */; };
		448281601E5AC5550088F8A1 /* LaunchScreen.storyboard in Resources */ = {isa = PBXBuildFile; fileRef = 4482815E1E5AC5550088F8A1 /* LaunchScreen.storyboard */; };
		4482816B1E5AC5560088F8A1 /* OSS____DemoTests.m in Sources */ = {isa = PBXBuildFile; fileRef = 4482816A1E5AC5560088F8A1 /* OSS____DemoTests.m */; };
		448281761E5AC5560088F8A1 /* OSS____DemoUITests.m in Sources */ = {isa = PBXBuildFile; fileRef = 448281751E5AC5560088F8A1 /* OSS____DemoUITests.m */; };
		448281851E5ACC0E0088F8A1 /* AliyunOSS.m in Sources */ = {isa = PBXBuildFile; fileRef = 448281841E5ACC0E0088F8A1 /* AliyunOSS.m */; };
		44A5012B1E5C0F7800576233 /* GSCamera.m in Sources */ = {isa = PBXBuildFile; fileRef = 44A5012A1E5C0F7800576233 /* GSCamera.m */; };
		8B140EF30EE54C653554C82C /* libPods-OSS对象储存DemoUITests.a in Frameworks */ = {isa = PBXBuildFile; fileRef = B576CEB2998D3BE28CDA1B30 /* libPods-OSS对象储存DemoUITests.a */; };
/* End PBXBuildFile section */

/* Begin PBXContainerItemProxy section */
		448281671E5AC5560088F8A1 /* PBXContainerItemProxy */ = {
			isa = PBXContainerItemProxy;
			containerPortal = 448281451E5AC5550088F8A1 /* Project object */;
			proxyType = 1;
			remoteGlobalIDString = 4482814C1E5AC5550088F8A1;
			remoteInfo = "OSS对象储存Demo";
		};
		448281721E5AC5560088F8A1 /* PBXContainerItemProxy */ = {
			isa = PBXContainerItemProxy;
			containerPortal = 448281451E5AC5550088F8A1 /* Project object */;
			proxyType = 1;
			remoteGlobalIDString = 4482814C1E5AC5550088F8A1;
			remoteInfo = "OSS对象储存Demo";
		};
/* End PBXContainerItemProxy section */

/* Begin PBXFileReference section */
		4482814D1E5AC5550088F8A1 /* OSS对象储存Demo.app */ = {isa = PBXFileReference; explicitFileType = wrapper.application; includeInIndex = 0; path = "OSS对象储存Demo.app"; sourceTree = BUILT_PRODUCTS_DIR; };
		448281511E5AC5550088F8A1 /* main.m */ = {isa = PBXFileReference; lastKnownFileType = sourcecode.c.objc; path = main.m; sourceTree = "<group>"; };
		448281531E5AC5550088F8A1 /* AppDelegate.h */ = {isa = PBXFileReference; lastKnownFileType = sourcecode.c.h; path = AppDelegate.h; sourceTree = "<group>"; };
		448281541E5AC5550088F8A1 /* AppDelegate.m */ = {isa = PBXFileReference; lastKnownFileType = sourcecode.c.objc; path = AppDelegate.m; sourceTree = "<group>"; };
		448281561E5AC5550088F8A1 /* ViewController.h */ = {isa = PBXFileReference; lastKnownFileType = sourcecode.c.h; path = ViewController.h; sourceTree = "<group>"; };
		448281571E5AC5550088F8A1 /* ViewController.m */ = {isa = PBXFileReference; lastKnownFileType = sourcecode.c.objc; path = ViewController.m; sourceTree = "<group>"; };
		4482815A1E5AC5550088F8A1 /* Base */ = {isa = PBXFileReference; lastKnownFileType = file.storyboard; name = Base; path = Base.lproj/Main.storyboard; sourceTree = "<group>"; };
		4482815C1E5AC5550088F8A1 /* Assets.xcassets */ = {isa = PBXFileReference; lastKnownFileType = folder.assetcatalog; path = Assets.xcassets; sourceTree = "<group>"; };
		4482815F1E5AC5550088F8A1 /* Base */ = {isa = PBXFileReference; lastKnownFileType = file.storyboard; name = Base; path = Base.lproj/LaunchScreen.storyboard; sourceTree = "<group>"; };
		448281611E5AC5550088F8A1 /* Info.plist */ = {isa = PBXFileReference; lastKnownFileType = text.plist.xml; path = Info.plist; sourceTree = "<group>"; };
		448281661E5AC5560088F8A1 /* OSS对象储存DemoTests.xctest */ = {isa = PBXFileReference; explicitFileType = wrapper.cfbundle; includeInIndex = 0; path = "OSS对象储存DemoTests.xctest"; sourceTree = BUILT_PRODUCTS_DIR; };
		4482816A1E5AC5560088F8A1 /* OSS____DemoTests.m */ = {isa = PBXFileReference; lastKnownFileType = sourcecode.c.objc; path = "OSS____DemoTests.m"; sourceTree = "<group>"; };
		4482816C1E5AC5560088F8A1 /* Info.plist */ = {isa = PBXFileReference; lastKnownFileType = text.plist.xml; path = Info.plist; sourceTree = "<group>"; };
		448281711E5AC5560088F8A1 /* OSS对象储存DemoUITests.xctest */ = {isa = PBXFileReference; explicitFileType = wrapper.cfbundle; includeInIndex = 0; path = "OSS对象储存DemoUITests.xctest"; sourceTree = BUILT_PRODUCTS_DIR; };
		448281751E5AC5560088F8A1 /* OSS____DemoUITests.m */ = {isa = PBXFileReference; lastKnownFileType = sourcecode.c.objc; path = "OSS____DemoUITests.m"; sourceTree = "<group>"; };
		448281771E5AC5560088F8A1 /* Info.plist */ = {isa = PBXFileReference; lastKnownFileType = text.plist.xml; path = Info.plist; sourceTree = "<group>"; };
		448281831E5ACC0E0088F8A1 /* AliyunOSS.h */ = {isa = PBXFileReference; fileEncoding = 4; lastKnownFileType = sourcecode.c.h; path = AliyunOSS.h; sourceTree = "<group>"; };
		448281841E5ACC0E0088F8A1 /* AliyunOSS.m */ = {isa = PBXFileReference; fileEncoding = 4; lastKnownFileType = sourcecode.c.objc; path = AliyunOSS.m; sourceTree = "<group>"; };
		44A501291E5C0F7800576233 /* GSCamera.h */ = {isa = PBXFileReference; fileEncoding = 4; lastKnownFileType = sourcecode.c.h; path = GSCamera.h; sourceTree = "<group>"; };
		44A5012A1E5C0F7800576233 /* GSCamera.m */ = {isa = PBXFileReference; fileEncoding = 4; lastKnownFileType = sourcecode.c.objc; path = GSCamera.m; sourceTree = "<group>"; };
		4AD57DB62C28399F2411F622 /* libPods-OSS对象储存Demo.a */ = {isa = PBXFileReference; explicitFileType = archive.ar; includeInIndex = 0; path = "libPods-OSS对象储存Demo.a"; sourceTree = BUILT_PRODUCTS_DIR; };
		4BA9AA075B52C300E76C8840 /* Pods-OSS对象储存Demo.release.xcconfig */ = {isa = PBXFileReference; includeInIndex = 1; lastKnownFileType = text.xcconfig; name = "Pods-OSS对象储存Demo.release.xcconfig"; path = "Pods/Target Support Files/Pods-OSS对象储存Demo/Pods-OSS对象储存Demo.release.xcconfig"; sourceTree = "<group>"; };
		54257C1ED5AC8DE71C3AC450 /* Pods-OSS对象储存DemoUITests.debug.xcconfig */ = {isa = PBXFileReference; includeInIndex = 1; lastKnownFileType = text.xcconfig; name = "Pods-OSS对象储存DemoUITests.debug.xcconfig"; path = "Pods/Target Support Files/Pods-OSS对象储存DemoUITests/Pods-OSS对象储存DemoUITests.debug.xcconfig"; sourceTree = "<group>"; };
		59D19FA834A1C365C980A3CC /* Pods-OSS对象储存DemoTests.release.xcconfig */ = {isa = PBXFileReference; includeInIndex = 1; lastKnownFileType = text.xcconfig; name = "Pods-OSS对象储存DemoTests.release.xcconfig"; path = "Pods/Target Support Files/Pods-OSS对象储存DemoTests/Pods-OSS对象储存DemoTests.release.xcconfig"; sourceTree = "<group>"; };
		89564C5145E98F7E3445D43A /* libPods-OSS对象储存DemoTests.a */ = {isa = PBXFileReference; explicitFileType = archive.ar; includeInIndex = 0; path = "libPods-OSS对象储存DemoTests.a"; sourceTree = BUILT_PRODUCTS_DIR; };
		9090FF659C777383146935C2 /* Pods-OSS对象储存DemoUITests.release.xcconfig */ = {isa = PBXFileReference; includeInIndex = 1; lastKnownFileType = text.xcconfig; name = "Pods-OSS对象储存DemoUITests.release.xcconfig"; path = "Pods/Target Support Files/Pods-OSS对象储存DemoUITests/Pods-OSS对象储存DemoUITests.release.xcconfig"; sourceTree = "<group>"; };
		B3F18CFDDC62EDC45F5F1247 /* Pods-OSS对象储存Demo.debug.xcconfig */ = {isa = PBXFileReference; includeInIndex = 1; lastKnownFileType = text.xcconfig; name = "Pods-OSS对象储存Demo.debug.xcconfig"; path = "Pods/Target Support Files/Pods-OSS对象储存Demo/Pods-OSS对象储存Demo.debug.xcconfig"; sourceTree = "<group>"; };
		B576CEB2998D3BE28CDA1B30 /* libPods-OSS对象储存DemoUITests.a */ = {isa = PBXFileReference; explicitFileType = archive.ar; includeInIndex = 0; path = "libPods-OSS对象储存DemoUITests.a"; sourceTree = BUILT_PRODUCTS_DIR; };
		B64D8220F35FC9FD4B729D8C /* Pods-OSS对象储存DemoTests.debug.xcconfig */ = {isa = PBXFileReference; includeInIndex = 1; lastKnownFileType = text.xcconfig; name = "Pods-OSS对象储存DemoTests.debug.xcconfig"; path = "Pods/Target Support Files/Pods-OSS对象储存DemoTests/Pods-OSS对象储存DemoTests.debug.xcconfig"; sourceTree = "<group>"; };
/* End PBXFileReference section */

/* Begin PBXFrameworksBuildPhase section */
		4482814A1E5AC5550088F8A1 /* Frameworks */ = {
			isa = PBXFrameworksBuildPhase;
			buildActionMask = 2147483647;
			files = (
				39036A624D23AF3D9E486781 /* libPods-OSS对象储存Demo.a in Frameworks */,
			);
			runOnlyForDeploymentPostprocessing = 0;
		};
		448281631E5AC5560088F8A1 /* Frameworks */ = {
			isa = PBXFrameworksBuildPhase;
			buildActionMask = 2147483647;
			files = (
				31934DE5A369D3C84D506ACD /* libPods-OSS对象储存DemoTests.a in Frameworks */,
			);
			runOnlyForDeploymentPostprocessing = 0;
		};
		4482816E1E5AC5560088F8A1 /* Frameworks */ = {
			isa = PBXFrameworksBuildPhase;
			buildActionMask = 2147483647;
			files = (
				8B140EF30EE54C653554C82C /* libPods-OSS对象储存DemoUITests.a in Frameworks */,
			);
			runOnlyForDeploymentPostprocessing = 0;
		};
/* End PBXFrameworksBuildPhase section */

/* Begin PBXGroup section */
		0DD44A7750D6AECD20A13A25 /* Pods */ = {
			isa = PBXGroup;
			children = (
				B3F18CFDDC62EDC45F5F1247 /* Pods-OSS对象储存Demo.debug.xcconfig */,
				4BA9AA075B52C300E76C8840 /* Pods-OSS对象储存Demo.release.xcconfig */,
				B64D8220F35FC9FD4B729D8C /* Pods-OSS对象储存DemoTests.debug.xcconfig */,
				59D19FA834A1C365C980A3CC /* Pods-OSS对象储存DemoTests.release.xcconfig */,
				54257C1ED5AC8DE71C3AC450 /* Pods-OSS对象储存DemoUITests.debug.xcconfig */,
				9090FF659C777383146935C2 /* Pods-OSS对象储存DemoUITests.release.xcconfig */,
			);
			name = Pods;
			sourceTree = "<group>";
		};
		2992A57C06FD44475BCF7FF6 /* Frameworks */ = {
			isa = PBXGroup;
			children = (
				4AD57DB62C28399F2411F622 /* libPods-OSS对象储存Demo.a */,
				89564C5145E98F7E3445D43A /* libPods-OSS对象储存DemoTests.a */,
				B576CEB2998D3BE28CDA1B30 /* libPods-OSS对象储存DemoUITests.a */,
			);
			name = Frameworks;
			sourceTree = "<group>";
		};
		448281441E5AC5550088F8A1 = {
			isa = PBXGroup;
			children = (
				4482814F1E5AC5550088F8A1 /* OSS对象储存Demo */,
				448281691E5AC5560088F8A1 /* OSS对象储存DemoTests */,
				448281741E5AC5560088F8A1 /* OSS对象储存DemoUITests */,
				4482814E1E5AC5550088F8A1 /* Products */,
				0DD44A7750D6AECD20A13A25 /* Pods */,
				2992A57C06FD44475BCF7FF6 /* Frameworks */,
			);
			sourceTree = "<group>";
		};
		4482814E1E5AC5550088F8A1 /* Products */ = {
			isa = PBXGroup;
			children = (
				4482814D1E5AC5550088F8A1 /* OSS对象储存Demo.app */,
				448281661E5AC5560088F8A1 /* OSS对象储存DemoTests.xctest */,
				448281711E5AC5560088F8A1 /* OSS对象储存DemoUITests.xctest */,
			);
			name = Products;
			sourceTree = "<group>";
		};
		4482814F1E5AC5550088F8A1 /* OSS对象储存Demo */ = {
			isa = PBXGroup;
			children = (
				448281531E5AC5550088F8A1 /* AppDelegate.h */,
				448281541E5AC5550088F8A1 /* AppDelegate.m */,
				448281561E5AC5550088F8A1 /* ViewController.h */,
				448281571E5AC5550088F8A1 /* ViewController.m */,
				448281591E5AC5550088F8A1 /* Main.storyboard */,
				4482815C1E5AC5550088F8A1 /* Assets.xcassets */,
				4482815E1E5AC5550088F8A1 /* LaunchScreen.storyboard */,
				448281611E5AC5550088F8A1 /* Info.plist */,
				448281501E5AC5550088F8A1 /* Supporting Files */,
				448281831E5ACC0E0088F8A1 /* AliyunOSS.h */,
				448281841E5ACC0E0088F8A1 /* AliyunOSS.m */,
				44A501291E5C0F7800576233 /* GSCamera.h */,
				44A5012A1E5C0F7800576233 /* GSCamera.m */,
			);
			path = "OSS对象储存Demo";
			sourceTree = "<group>";
		};
		448281501E5AC5550088F8A1 /* Supporting Files */ = {
			isa = PBXGroup;
			children = (
				448281511E5AC5550088F8A1 /* main.m */,
			);
			name = "Supporting Files";
			sourceTree = "<group>";
		};
		448281691E5AC5560088F8A1 /* OSS对象储存DemoTests */ = {
			isa = PBXGroup;
			children = (
				4482816A1E5AC5560088F8A1 /* OSS____DemoTests.m */,
				4482816C1E5AC5560088F8A1 /* Info.plist */,
			);
			path = "OSS对象储存DemoTests";
			sourceTree = "<group>";
		};
		448281741E5AC5560088F8A1 /* OSS对象储存DemoUITests */ = {
			isa = PBXGroup;
			children = (
				448281751E5AC5560088F8A1 /* OSS____DemoUITests.m */,
				448281771E5AC5560088F8A1 /* Info.plist */,
			);
			path = "OSS对象储存DemoUITests";
			sourceTree = "<group>";
		};
/* End PBXGroup section */

/* Begin PBXNativeTarget section */
		4482814C1E5AC5550088F8A1 /* OSS对象储存Demo */ = {
			isa = PBXNativeTarget;
			buildConfigurationList = 4482817A1E5AC5560088F8A1 /* Build configuration list for PBXNativeTarget "OSS对象储存Demo" */;
			buildPhases = (
				B89309D3AACDF6E7C06A2098 /* [CP] Check Pods Manifest.lock */,
				448281491E5AC5550088F8A1 /* Sources */,
				4482814A1E5AC5550088F8A1 /* Frameworks */,
				4482814B1E5AC5550088F8A1 /* Resources */,
				AFDDFCECAE36DABDC54FACA6 /* [CP] Embed Pods Frameworks */,
				DFB27988C4738D5489358E03 /* [CP] Copy Pods Resources */,
			);
			buildRules = (
			);
			dependencies = (
			);
			name = "OSS对象储存Demo";
			productName = "OSS对象储存Demo";
			productReference = 4482814D1E5AC5550088F8A1 /* OSS对象储存Demo.app */;
			productType = "com.apple.product-type.application";
		};
		448281651E5AC5560088F8A1 /* OSS对象储存DemoTests */ = {
			isa = PBXNativeTarget;
			buildConfigurationList = 4482817D1E5AC5560088F8A1 /* Build configuration list for PBXNativeTarget "OSS对象储存DemoTests" */;
			buildPhases = (
				A828454F80A1498701EE78F3 /* [CP] Check Pods Manifest.lock */,
				448281621E5AC5560088F8A1 /* Sources */,
				448281631E5AC5560088F8A1 /* Frameworks */,
				448281641E5AC5560088F8A1 /* Resources */,
				C50A246CE7A50714D841AF44 /* [CP] Embed Pods Frameworks */,
				47A859E309CF4000A031FAE7 /* [CP] Copy Pods Resources */,
			);
			buildRules = (
			);
			dependencies = (
				448281681E5AC5560088F8A1 /* PBXTargetDependency */,
			);
			name = "OSS对象储存DemoTests";
			productName = "OSS对象储存DemoTests";
			productReference = 448281661E5AC5560088F8A1 /* OSS对象储存DemoTests.xctest */;
			productType = "com.apple.product-type.bundle.unit-test";
		};
		448281701E5AC5560088F8A1 /* OSS对象储存DemoUITests */ = {
			isa = PBXNativeTarget;
			buildConfigurationList = 448281801E5AC5560088F8A1 /* Build configuration list for PBXNativeTarget "OSS对象储存DemoUITests" */;
			buildPhases = (
				EB7EA47246A69B2983E9A230 /* [CP] Check Pods Manifest.lock */,
				4482816D1E5AC5560088F8A1 /* Sources */,
				4482816E1E5AC5560088F8A1 /* Frameworks */,
				4482816F1E5AC5560088F8A1 /* Resources */,
				B2D92694D1084D93042C5125 /* [CP] Embed Pods Frameworks */,
				F7484D6C7169D833913D62EC /* [CP] Copy Pods Resources */,
			);
			buildRules = (
			);
			dependencies = (
				448281731E5AC5560088F8A1 /* PBXTargetDependency */,
			);
			name = "OSS对象储存DemoUITests";
			productName = "OSS对象储存DemoUITests";
			productReference = 448281711E5AC5560088F8A1 /* OSS对象储存DemoUITests.xctest */;
			productType = "com.apple.product-type.bundle.ui-testing";
		};
/* End PBXNativeTarget section */

/* Begin PBXProject section */
		448281451E5AC5550088F8A1 /* Project object */ = {
			isa = PBXProject;
			attributes = {
				LastUpgradeCheck = 0820;
				ORGANIZATIONNAME = "刘高升";
				TargetAttributes = {
					4482814C1E5AC5550088F8A1 = {
						CreatedOnToolsVersion = 8.2.1;
						DevelopmentTeam = XSSS2AY4K7;
						ProvisioningStyle = Automatic;
					};
					448281651E5AC5560088F8A1 = {
						CreatedOnToolsVersion = 8.2.1;
						DevelopmentTeam = XSSS2AY4K7;
						ProvisioningStyle = Automatic;
						TestTargetID = 4482814C1E5AC5550088F8A1;
					};
					448281701E5AC5560088F8A1 = {
						CreatedOnToolsVersion = 8.2.1;
						DevelopmentTeam = XSSS2AY4K7;
						ProvisioningStyle = Automatic;
						TestTargetID = 4482814C1E5AC5550088F8A1;
					};
				};
			};
			buildConfigurationList = 448281481E5AC5550088F8A1 /* Build configuration list for PBXProject "OSS对象储存Demo" */;
			compatibilityVersion = "Xcode 3.2";
			developmentRegion = English;
			hasScannedForEncodings = 0;
			knownRegions = (
				en,
				Base,
			);
			mainGroup = 448281441E5AC5550088F8A1;
			productRefGroup = 4482814E1E5AC5550088F8A1 /* Products */;
			projectDirPath = "";
			projectRoot = "";
			targets = (
				4482814C1E5AC5550088F8A1 /* OSS对象储存Demo */,
				448281651E5AC5560088F8A1 /* OSS对象储存DemoTests */,
				448281701E5AC5560088F8A1 /* OSS对象储存DemoUITests */,
			);
		};
/* End PBXProject section */

/* Begin PBXResourcesBuildPhase section */
		4482814B1E5AC5550088F8A1 /* Resources */ = {
			isa = PBXResourcesBuildPhase;
			buildActionMask = 2147483647;
			files = (
				448281601E5AC5550088F8A1 /* LaunchScreen.storyboard in Resources */,
				4482815D1E5AC5550088F8A1 /* Assets.xcassets in Resources */,
				4482815B1E5AC5550088F8A1 /* Main.storyboard in Resources */,
			);
			runOnlyForDeploymentPostprocessing = 0;
		};
		448281641E5AC5560088F8A1 /* Resources */ = {
			isa = PBXResourcesBuildPhase;
			buildActionMask = 2147483647;
			files = (
			);
			runOnlyForDeploymentPostprocessing = 0;
		};
		4482816F1E5AC5560088F8A1 /* Resources */ = {
			isa = PBXResourcesBuildPhase;
			buildActionMask = 2147483647;
			files = (
			);
			runOnlyForDeploymentPostprocessing = 0;
		};
/* End PBXResourcesBuildPhase section */

/* Begin PBXShellScriptBuildPhase section */
		47A859E309CF4000A031FAE7 /* [CP] Copy Pods Resources */ = {
			isa = PBXShellScriptBuildPhase;
			buildActionMask = 2147483647;
			files = (
			);
			inputPaths = (
			);
			name = "[CP] Copy Pods Resources";
			outputPaths = (
			);
			runOnlyForDeploymentPostprocessing = 0;
			shellPath = /bin/sh;
			shellScript = "\"${SRCROOT}/Pods/Target Support Files/Pods-OSS对象储存DemoTests/Pods-OSS对象储存DemoTests-resources.sh\"\n";
			showEnvVarsInLog = 0;
		};
		A828454F80A1498701EE78F3 /* [CP] Check Pods Manifest.lock */ = {
			isa = PBXShellScriptBuildPhase;
			buildActionMask = 2147483647;
			files = (
			);
			inputPaths = (
			);
			name = "[CP] Check Pods Manifest.lock";
			outputPaths = (
			);
			runOnlyForDeploymentPostprocessing = 0;
			shellPath = /bin/sh;
			shellScript = "diff \"${PODS_ROOT}/../Podfile.lock\" \"${PODS_ROOT}/Manifest.lock\" > /dev/null\nif [ $? != 0 ] ; then\n    # print error to STDERR\n    echo \"error: The sandbox is not in sync with the Podfile.lock. Run 'pod install' or update your CocoaPods installation.\" >&2\n    exit 1\nfi\n";
			showEnvVarsInLog = 0;
		};
		AFDDFCECAE36DABDC54FACA6 /* [CP] Embed Pods Frameworks */ = {
			isa = PBXShellScriptBuildPhase;
			buildActionMask = 2147483647;
			files = (
			);
			inputPaths = (
			);
			name = "[CP] Embed Pods Frameworks";
			outputPaths = (
			);
			runOnlyForDeploymentPostprocessing = 0;
			shellPath = /bin/sh;
			shellScript = "\"${SRCROOT}/Pods/Target Support Files/Pods-OSS对象储存Demo/Pods-OSS对象储存Demo-frameworks.sh\"\n";
			showEnvVarsInLog = 0;
		};
		B2D92694D1084D93042C5125 /* [CP] Embed Pods Frameworks */ = {
			isa = PBXShellScriptBuildPhase;
			buildActionMask = 2147483647;
			files = (
			);
			inputPaths = (
			);
			name = "[CP] Embed Pods Frameworks";
			outputPaths = (
			);
			runOnlyForDeploymentPostprocessing = 0;
			shellPath = /bin/sh;
			shellScript = "\"${SRCROOT}/Pods/Target Support Files/Pods-OSS对象储存DemoUITests/Pods-OSS对象储存DemoUITests-frameworks.sh\"\n";
			showEnvVarsInLog = 0;
		};
		B89309D3AACDF6E7C06A2098 /* [CP] Check Pods Manifest.lock */ = {
			isa = PBXShellScriptBuildPhase;
			buildActionMask = 2147483647;
			files = (
			);
			inputPaths = (
			);
			name = "[CP] Check Pods Manifest.lock";
			outputPaths = (
			);
			runOnlyForDeploymentPostprocessing = 0;
			shellPath = /bin/sh;
			shellScript = "diff \"${PODS_ROOT}/../Podfile.lock\" \"${PODS_ROOT}/Manifest.lock\" > /dev/null\nif [ $? != 0 ] ; then\n    # print error to STDERR\n    echo \"error: The sandbox is not in sync with the Podfile.lock. Run 'pod install' or update your CocoaPods installation.\" >&2\n    exit 1\nfi\n";
			showEnvVarsInLog = 0;
		};
		C50A246CE7A50714D841AF44 /* [CP] Embed Pods Frameworks */ = {
			isa = PBXShellScriptBuildPhase;
			buildActionMask = 2147483647;
			files = (
			);
			inputPaths = (
			);
			name = "[CP] Embed Pods Frameworks";
			outputPaths = (
			);
			runOnlyForDeploymentPostprocessing = 0;
			shellPath = /bin/sh;
			shellScript = "\"${SRCROOT}/Pods/Target Support Files/Pods-OSS对象储存DemoTests/Pods-OSS对象储存DemoTests-frameworks.sh\"\n";
			showEnvVarsInLog = 0;
		};
		DFB27988C4738D5489358E03 /* [CP] Copy Pods Resources */ = {
			isa = PBXShellScriptBuildPhase;
			buildActionMask = 2147483647;
			files = (
			);
			inputPaths = (
			);
			name = "[CP] Copy Pods Resources";
			outputPaths = (
			);
			runOnlyForDeploymentPostprocessing = 0;
			shellPath = /bin/sh;
			shellScript = "\"${SRCROOT}/Pods/Target Support Files/Pods-OSS对象储存Demo/Pods-OSS对象储存Demo-resources.sh\"\n";
			showEnvVarsInLog = 0;
		};
		EB7EA47246A69B2983E9A230 /* [CP] Check Pods Manifest.lock */ = {
			isa = PBXShellScriptBuildPhase;
			buildActionMask = 2147483647;
			files = (
			);
			inputPaths = (
			);
			name = "[CP] Check Pods Manifest.lock";
			outputPaths = (
			);
			runOnlyForDeploymentPostprocessing = 0;
			shellPath = /bin/sh;
			shellScript = "diff \"${PODS_ROOT}/../Podfile.lock\" \"${PODS_ROOT}/Manifest.lock\" > /dev/null\nif [ $? != 0 ] ; then\n    # print error to STDERR\n    echo \"error: The sandbox is not in sync with the Podfile.lock. Run 'pod install' or update your CocoaPods installation.\" >&2\n    exit 1\nfi\n";
			showEnvVarsInLog = 0;
		};
		F7484D6C7169D833913D62EC /* [CP] Copy Pods Resources */ = {
			isa = PBXShellScriptBuildPhase;
			buildActionMask = 2147483647;
			files = (
			);
			inputPaths = (
			);
			name = "[CP] Copy Pods Resources";
			outputPaths = (
			);
			runOnlyForDeploymentPostprocessing = 0;
			shellPath = /bin/sh;
			shellScript = "\"${SRCROOT}/Pods/Target Support Files/Pods-OSS对象储存DemoUITests/Pods-OSS对象储存DemoUITests-resources.sh\"\n";
			showEnvVarsInLog = 0;
		};
/* End PBXShellScriptBuildPhase section */

/* Begin PBXSourcesBuildPhase section */
		448281491E5AC5550088F8A1 /* Sources */ = {
			isa = PBXSourcesBuildPhase;
			buildActionMask = 2147483647;
			files = (
				448281581E5AC5550088F8A1 /* ViewController.m in Sources */,
				448281851E5ACC0E0088F8A1 /* AliyunOSS.m in Sources */,
				448281551E5AC5550088F8A1 /* AppDelegate.m in Sources */,
				44A5012B1E5C0F7800576233 /* GSCamera.m in Sources */,
				448281521E5AC5550088F8A1 /* main.m in Sources */,
			);
			runOnlyForDeploymentPostprocessing = 0;
		};
		448281621E5AC5560088F8A1 /* Sources */ = {
			isa = PBXSourcesBuildPhase;
			buildActionMask = 2147483647;
			files = (
				4482816B1E5AC5560088F8A1 /* OSS____DemoTests.m in Sources */,
			);
			runOnlyForDeploymentPostprocessing = 0;
		};
		4482816D1E5AC5560088F8A1 /* Sources */ = {
			isa = PBXSourcesBuildPhase;
			buildActionMask = 2147483647;
			files = (
				448281761E5AC5560088F8A1 /* OSS____DemoUITests.m in Sources */,
			);
			runOnlyForDeploymentPostprocessing = 0;
		};
/* End PBXSourcesBuildPhase section */

/* Begin PBXTargetDependency section */
		448281681E5AC5560088F8A1 /* PBXTargetDependency */ = {
			isa = PBXTargetDependency;
			target = 4482814C1E5AC5550088F8A1 /* OSS对象储存Demo */;
			targetProxy = 448281671E5AC5560088F8A1 /* PBXContainerItemProxy */;
		};
		448281731E5AC5560088F8A1 /* PBXTargetDependency */ = {
			isa = PBXTargetDependency;
			target = 4482814C1E5AC5550088F8A1 /* OSS对象储存Demo */;
			targetProxy = 448281721E5AC5560088F8A1 /* PBXContainerItemProxy */;
		};
/* End PBXTargetDependency section */

/* Begin PBXVariantGroup section */
		448281591E5AC5550088F8A1 /* Main.storyboard */ = {
			isa = PBXVariantGroup;
			children = (
				4482815A1E5AC5550088F8A1 /* Base */,
			);
			name = Main.storyboard;
			sourceTree = "<group>";
		};
		4482815E1E5AC5550088F8A1 /* LaunchScreen.storyboard */ = {
			isa = PBXVariantGroup;
			children = (
				4482815F1E5AC5550088F8A1 /* Base */,
			);
			name = LaunchScreen.storyboard;
			sourceTree = "<group>";
		};
/* End PBXVariantGroup section */

/* Begin XCBuildConfiguration section */
		448281781E5AC5560088F8A1 /* Debug */ = {
			isa = XCBuildConfiguration;
			buildSettings = {
				ALWAYS_SEARCH_USER_PATHS = NO;
				CLANG_ANALYZER_NONNULL = YES;
				CLANG_CXX_LANGUAGE_STANDARD = "gnu++0x";
				CLANG_CXX_LIBRARY = "libc++";
				CLANG_ENABLE_MODULES = YES;
				CLANG_ENABLE_OBJC_ARC = YES;
				CLANG_WARN_BOOL_CONVERSION = YES;
				CLANG_WARN_CONSTANT_CONVERSION = YES;
				CLANG_WARN_DIRECT_OBJC_ISA_USAGE = YES_ERROR;
				CLANG_WARN_DOCUMENTATION_COMMENTS = YES;
				CLANG_WARN_EMPTY_BODY = YES;
				CLANG_WARN_ENUM_CONVERSION = YES;
				CLANG_WARN_INFINITE_RECURSION = YES;
				CLANG_WARN_INT_CONVERSION = YES;
				CLANG_WARN_OBJC_ROOT_CLASS = YES_ERROR;
				CLANG_WARN_SUSPICIOUS_MOVE = YES;
				CLANG_WARN_UNREACHABLE_CODE = YES;
				CLANG_WARN__DUPLICATE_METHOD_MATCH = YES;
				"CODE_SIGN_IDENTITY[sdk=iphoneos*]" = "iPhone Developer";
				COPY_PHASE_STRIP = NO;
				DEBUG_INFORMATION_FORMAT = dwarf;
				ENABLE_STRICT_OBJC_MSGSEND = YES;
				ENABLE_TESTABILITY = YES;
				GCC_C_LANGUAGE_STANDARD = gnu99;
				GCC_DYNAMIC_NO_PIC = NO;
				GCC_NO_COMMON_BLOCKS = YES;
				GCC_OPTIMIZATION_LEVEL = 0;
				GCC_PREPROCESSOR_DEFINITIONS = (
					"DEBUG=1",
					"$(inherited)",
				);
				GCC_WARN_64_TO_32_BIT_CONVERSION = YES;
				GCC_WARN_ABOUT_RETURN_TYPE = YES_ERROR;
				GCC_WARN_UNDECLARED_SELECTOR = YES;
				GCC_WARN_UNINITIALIZED_AUTOS = YES_AGGRESSIVE;
				GCC_WARN_UNUSED_FUNCTION = YES;
				GCC_WARN_UNUSED_VARIABLE = YES;
				IPHONEOS_DEPLOYMENT_TARGET = 10.2;
				MTL_ENABLE_DEBUG_INFO = YES;
				ONLY_ACTIVE_ARCH = YES;
				SDKROOT = iphoneos;
			};
			name = Debug;
		};
		448281791E5AC5560088F8A1 /* Release */ = {
			isa = XCBuildConfiguration;
			buildSettings = {
				ALWAYS_SEARCH_USER_PATHS = NO;
				CLANG_ANALYZER_NONNULL = YES;
				CLANG_CXX_LANGUAGE_STANDARD = "gnu++0x";
				CLANG_CXX_LIBRARY = "libc++";
				CLANG_ENABLE_MODULES = YES;
				CLANG_ENABLE_OBJC_ARC = YES;
				CLANG_WARN_BOOL_CONVERSION = YES;
				CLANG_WARN_CONSTANT_CONVERSION = YES;
				CLANG_WARN_DIRECT_OBJC_ISA_USAGE = YES_ERROR;
				CLANG_WARN_DOCUMENTATION_COMMENTS = YES;
				CLANG_WARN_EMPTY_BODY = YES;
				CLANG_WARN_ENUM_CONVERSION = YES;
				CLANG_WARN_INFINITE_RECURSION = YES;
				CLANG_WARN_INT_CONVERSION = YES;
				CLANG_WARN_OBJC_ROOT_CLASS = YES_ERROR;
				CLANG_WARN_SUSPICIOUS_MOVE = YES;
				CLANG_WARN_UNREACHABLE_CODE = YES;
				CLANG_WARN__DUPLICATE_METHOD_MATCH = YES;
				"CODE_SIGN_IDENTITY[sdk=iphoneos*]" = "iPhone Developer";
				COPY_PHASE_STRIP = NO;
				DEBUG_INFORMATION_FORMAT = "dwarf-with-dsym";
				ENABLE_NS_ASSERTIONS = NO;
				ENABLE_STRICT_OBJC_MSGSEND = YES;
				GCC_C_LANGUAGE_STANDARD = gnu99;
				GCC_NO_COMMON_BLOCKS = YES;
				GCC_WARN_64_TO_32_BIT_CONVERSION = YES;
				GCC_WARN_ABOUT_RETURN_TYPE = YES_ERROR;
				GCC_WARN_UNDECLARED_SELECTOR = YES;
				GCC_WARN_UNINITIALIZED_AUTOS = YES_AGGRESSIVE;
				GCC_WARN_UNUSED_FUNCTION = YES;
				GCC_WARN_UNUSED_VARIABLE = YES;
				IPHONEOS_DEPLOYMENT_TARGET = 10.2;
				MTL_ENABLE_DEBUG_INFO = NO;
				SDKROOT = iphoneos;
				VALIDATE_PRODUCT = YES;
			};
			name = Release;
		};
		4482817B1E5AC5560088F8A1 /* Debug */ = {
			isa = XCBuildConfiguration;
			baseConfigurationReference = B3F18CFDDC62EDC45F5F1247 /* Pods-OSS对象储存Demo.debug.xcconfig */;
			buildSettings = {
				ASSETCATALOG_COMPILER_APPICON_NAME = AppIcon;
				DEVELOPMENT_TEAM = XSSS2AY4K7;
				INFOPLIST_FILE = "OSS对象储存Demo/Info.plist";
				LD_RUNPATH_SEARCH_PATHS = "$(inherited) @executable_path/Frameworks";
				PRODUCT_BUNDLE_IDENTIFIER = "LiuBaiSi.OSS----Demo";
				PRODUCT_NAME = "$(TARGET_NAME)";
			};
			name = Debug;
		};
		4482817C1E5AC5560088F8A1 /* Release */ = {
			isa = XCBuildConfiguration;
			baseConfigurationReference = 4BA9AA075B52C300E76C8840 /* Pods-OSS对象储存Demo.release.xcconfig */;
			buildSettings = {
				ASSETCATALOG_COMPILER_APPICON_NAME = AppIcon;
				DEVELOPMENT_TEAM = XSSS2AY4K7;
				INFOPLIST_FILE = "OSS对象储存Demo/Info.plist";
				LD_RUNPATH_SEARCH_PATHS = "$(inherited) @executable_path/Frameworks";
				PRODUCT_BUNDLE_IDENTIFIER = "LiuBaiSi.OSS----Demo";
				PRODUCT_NAME = "$(TARGET_NAME)";
			};
			name = Release;
		};
		4482817E1E5AC5560088F8A1 /* Debug */ = {
			isa = XCBuildConfiguration;
			baseConfigurationReference = B64D8220F35FC9FD4B729D8C /* Pods-OSS对象储存DemoTests.debug.xcconfig */;
			buildSettings = {
				BUNDLE_LOADER = "$(TEST_HOST)";
				DEVELOPMENT_TEAM = XSSS2AY4K7;
				INFOPLIST_FILE = "OSS对象储存DemoTests/Info.plist";
				LD_RUNPATH_SEARCH_PATHS = "$(inherited) @executable_path/Frameworks @loader_path/Frameworks";
				PRODUCT_BUNDLE_IDENTIFIER = "LiuBaiSi.OSS----DemoTests";
				PRODUCT_NAME = "$(TARGET_NAME)";
				TEST_HOST = "$(BUILT_PRODUCTS_DIR)/OSS对象储存Demo.app/OSS对象储存Demo";
			};
			name = Debug;
		};
		4482817F1E5AC5560088F8A1 /* Release */ = {
			isa = XCBuildConfiguration;
			baseConfigurationReference = 59D19FA834A1C365C980A3CC /* Pods-OSS对象储存DemoTests.release.xcconfig */;
			buildSettings = {
				BUNDLE_LOADER = "$(TEST_HOST)";
				DEVELOPMENT_TEAM = XSSS2AY4K7;
				INFOPLIST_FILE = "OSS对象储存DemoTests/Info.plist";
				LD_RUNPATH_SEARCH_PATHS = "$(inherited) @executable_path/Frameworks @loader_path/Frameworks";
				PRODUCT_BUNDLE_IDENTIFIER = "LiuBaiSi.OSS----DemoTests";
				PRODUCT_NAME = "$(TARGET_NAME)";
				TEST_HOST = "$(BUILT_PRODUCTS_DIR)/OSS对象储存Demo.app/OSS对象储存Demo";
			};
			name = Release;
		};
		448281811E5AC5560088F8A1 /* Debug */ = {
			isa = XCBuildConfiguration;
			baseConfigurationReference = 54257C1ED5AC8DE71C3AC450 /* Pods-OSS对象储存DemoUITests.debug.xcconfig */;
			buildSettings = {
				DEVELOPMENT_TEAM = XSSS2AY4K7;
				INFOPLIST_FILE = "OSS对象储存DemoUITests/Info.plist";
				LD_RUNPATH_SEARCH_PATHS = "$(inherited) @executable_path/Frameworks @loader_path/Frameworks";
				PRODUCT_BUNDLE_IDENTIFIER = "LiuBaiSi.OSS----DemoUITests";
				PRODUCT_NAME = "$(TARGET_NAME)";
				TEST_TARGET_NAME = "OSS对象储存Demo";
			};
			name = Debug;
		};
		448281821E5AC5560088F8A1 /* Release */ = {
			isa = XCBuildConfiguration;
			baseConfigurationReference = 9090FF659C777383146935C2 /* Pods-OSS对象储存DemoUITests.release.xcconfig */;
			buildSettings = {
				DEVELOPMENT_TEAM = XSSS2AY4K7;
				INFOPLIST_FILE = "OSS对象储存DemoUITests/Info.plist";
				LD_RUNPATH_SEARCH_PATHS = "$(inherited) @executable_path/Frameworks @loader_path/Frameworks";
				PRODUCT_BUNDLE_IDENTIFIER = "LiuBaiSi.OSS----DemoUITests";
				PRODUCT_NAME = "$(TARGET_NAME)";
				TEST_TARGET_NAME = "OSS对象储存Demo";
			};
			name = Release;
		};
/* End XCBuildConfiguration section */

/* Begin XCConfigurationList section */
		448281481E5AC5550088F8A1 /* Build configuration list for PBXProject "OSS对象储存Demo" */ = {
			isa = XCConfigurationList;
			buildConfigurations = (
				448281781E5AC5560088F8A1 /* Debug */,
				448281791E5AC5560088F8A1 /* Release */,
			);
			defaultConfigurationIsVisible = 0;
			defaultConfigurationName = Release;
		};
		4482817A1E5AC5560088F8A1 /* Build configuration list for PBXNativeTarget "OSS对象储存Demo" */ = {
			isa = XCConfigurationList;
			buildConfigurations = (
				4482817B1E5AC5560088F8A1 /* Debug */,
				4482817C1E5AC5560088F8A1 /* Release */,
			);
			defaultConfigurationIsVisible = 0;
			defaultConfigurationName = Release;
		};
		4482817D1E5AC5560088F8A1 /* Build configuration list for PBXNativeTarget "OSS对象储存DemoTests" */ = {
			isa = XCConfigurationList;
			buildConfigurations = (
				4482817E1E5AC5560088F8A1 /* Debug */,
				4482817F1E5AC5560088F8A1 /* Release */,
			);
			defaultConfigurationIsVisible = 0;
			defaultConfigurationName = Release;
		};
		448281801E5AC5560088F8A1 /* Build configuration list for PBXNativeTarget "OSS对象储存DemoUITests" */ = {
			isa = XCConfigurationList;
			buildConfigurations = (
				448281811E5AC5560088F8A1 /* Debug */,
				448281821E5AC5560088F8A1 /* Release */,
			);
			defaultConfigurationIsVisible = 0;
			defaultConfigurationName = Release;
		};
/* End XCConfigurationList section */
	};
	rootObject = 448281451E5AC5550088F8A1 /* Project object */;
}
